
Microsoft Visual Studio Solution File, Format Version 12.00
# Visual Studio Version 16
VisualStudioVersion = 16.0.30804.86
MinimumVisualStudioVersion = 10.0.40219.1
Project("{9A19103F-16F7-4668-BE54-9A1E7A4F7556}") = "UntouchableNumbers.Core", "src\UntouchableNumbers.Core\UntouchableNumbers.Core.csproj", "{DA1A359C-8BED-4D8F-B723-DBBC5CEE6E08}"
EndProject
Project("{9A19103F-16F7-4668-BE54-9A1E7A4F7556}") = "UntouchableNumbers.Console", "src\UntouchableNumbers.Console\UntouchableNumbers.Console.csproj", "{D60332B3-B40A-46A8-9F56-42DA3B5EFA19}"
EndProject
Project("{9A19103F-16F7-4668-BE54-9A1E7A4F7556}") = "UntouchableNumbers.Website", "src\UntouchableNumbers.Website\UntouchableNumbers.Website.csproj", "{EC74D97F-AFC8-4D30-B8EA-A593FE05C5FC}"
EndProject
Global
	GlobalSection(SolutionConfigurationPlatforms) = preSolution
		Debug|Any CPU = Debug|Any CPU
		Release|Any CPU = Release|Any CPU
	EndGlobalSection
	GlobalSection(ProjectConfigurationPlatforms) = postSolution
		{DA1A359C-8BED-4D8F-B723-DBBC5CEE6E08}.Debug|Any CPU.ActiveCfg = Debug|Any CPU
		{DA1A359C-8BED-4D8F-B723-DBBC5CEE6E08}.Debug|Any CPU.Build.0 = Debug|Any CPU
		{DA1A359C-8BED-4D8F-B723-DBBC5CEE6E08}.Release|Any CPU.ActiveCfg = Release|Any CPU
		{DA1A359C-8BED-4D8F-B723-DBBC5CEE6E08}.Release|Any CPU.Build.0 = Release|Any CPU
		{D60332B3-B40A-46A8-9F56-42DA3B5EFA19}.Debug|Any CPU.ActiveCfg = Debug|Any CPU
		{D60332B3-B40A-46A8-9F56-42DA3B5EFA19}.Debug|Any CPU.Build.0 = Debug|Any CPU
		{D60332B3-B40A-46A8-9F56-42DA3B5EFA19}.Release|Any CPU.ActiveCfg = Release|Any CPU
		{D60332B3-B40A-46A8-9F56-42DA3B5EFA19}.Release|Any CPU.Build.0 = Release|Any CPU
		{EC74D97F-AFC8-4D30-B8EA-A593FE05C5FC}.Debug|Any CPU.ActiveCfg = Debug|Any CPU
		{EC74D97F-AFC8-4D30-B8EA-A593FE05C5FC}.Debug|Any CPU.Build.0 = Debug|Any CPU
		{EC74D97F-AFC8-4D30-B8EA-A593FE05C5FC}.Release|Any CPU.ActiveCfg = Release|Any CPU
		{EC74D97F-AFC8-4D30-B8EA-A593FE05C5FC}.Release|Any CPU.Build.0 = Release|Any CPU
	EndGlobalSection
	GlobalSection(SolutionProperties) = preSolution
		HideSolutionNode = FALSE
	EndGlobalSection
	GlobalSection(ExtensibilityGlobals) = postSolution
		SolutionGuid = {346B7715-CD2B-421F-97A3-208A0C39FEC7}
	EndGlobalSection
EndGlobal
